
Microsoft Visual Studio Solution File, Format Version 12.00
# Visual Studio 15
VisualStudioVersion = 15.0.28307.329
MinimumVisualStudioVersion = 10.0.40219.1
Project("{9A19103F-16F7-4668-BE54-9A1E7A4F7556}") = "P01-AdvertisementMessage", "P01-AdvertisementMessage\P01-AdvertisementMessage.csproj", "{41BD2082-A0C7-42B4-AA4F-42193BC12830}"
EndProject
Project("{9A19103F-16F7-4668-BE54-9A1E7A4F7556}") = "P02-Articles", "P02-Articles\P02-Articles.csproj", "{C6CBF878-5B41-416C-AFC8-31A099BE9863}"
EndProject
Project("{9A19103F-16F7-4668-BE54-9A1E7A4F7556}") = "P03-Articles2-0", "P03-Articles2-0\P03-Articles2-0.csproj", "{C92E4A2E-4252-4BC5-B4D6-9F47BB4E4862}"
EndProject
Project("{FAE04EC0-301F-11D3-BF4B-00C04F79EFBC}") = "P04-Students", "P04-Students\P04-Students.csproj", "{E5570442-E326-4891-B8D7-2AAF1C215C22}"
EndProject
Project("{FAE04EC0-301F-11D3-BF4B-00C04F79EFBC}") = "P05-TeamworkProjects", "P05-TeamworkProjects\P05-TeamworkProjects.csproj", "{2A51EBCB-7809-4CF0-AFB3-560E4B65C47C}"
EndProject
Global
	GlobalSection(SolutionConfigurationPlatforms) = preSolution
		Debug|Any CPU = Debug|Any CPU
		Release|Any CPU = Release|Any CPU
	EndGlobalSection
	GlobalSection(ProjectConfigurationPlatforms) = postSolution
		{41BD2082-A0C7-42B4-AA4F-42193BC12830}.Debug|Any CPU.ActiveCfg = Debug|Any CPU
		{41BD2082-A0C7-42B4-AA4F-42193BC12830}.Debug|Any CPU.Build.0 = Debug|Any CPU
		{41BD2082-A0C7-42B4-AA4F-42193BC12830}.Release|Any CPU.ActiveCfg = Release|Any CPU
		{41BD2082-A0C7-42B4-AA4F-42193BC12830}.Release|Any CPU.Build.0 = Release|Any CPU
		{C6CBF878-5B41-416C-AFC8-31A099BE9863}.Debug|Any CPU.ActiveCfg = Debug|Any CPU
		{C6CBF878-5B41-416C-AFC8-31A099BE9863}.Debug|Any CPU.Build.0 = Debug|Any CPU
		{C6CBF878-5B41-416C-AFC8-31A099BE9863}.Release|Any CPU.ActiveCfg = Release|Any CPU
		{C6CBF878-5B41-416C-AFC8-31A099BE9863}.Release|Any CPU.Build.0 = Release|Any CPU
		{C92E4A2E-4252-4BC5-B4D6-9F47BB4E4862}.Debug|Any CPU.ActiveCfg = Debug|Any CPU
		{C92E4A2E-4252-4BC5-B4D6-9F47BB4E4862}.Debug|Any CPU.Build.0 = Debug|Any CPU
		{C92E4A2E-4252-4BC5-B4D6-9F47BB4E4862}.Release|Any CPU.ActiveCfg = Release|Any CPU
		{C92E4A2E-4252-4BC5-B4D6-9F47BB4E4862}.Release|Any CPU.Build.0 = Release|Any CPU
		{E5570442-E326-4891-B8D7-2AAF1C215C22}.Debug|Any CPU.ActiveCfg = Debug|Any CPU
		{E5570442-E326-4891-B8D7-2AAF1C215C22}.Debug|Any CPU.Build.0 = Debug|Any CPU
		{E5570442-E326-4891-B8D7-2AAF1C215C22}.Release|Any CPU.ActiveCfg = Release|Any CPU
		{E5570442-E326-4891-B8D7-2AAF1C215C22}.Release|Any CPU.Build.0 = Release|Any CPU
		{2A51EBCB-7809-4CF0-AFB3-560E4B65C47C}.Debug|Any CPU.ActiveCfg = Debug|Any CPU
		{2A51EBCB-7809-4CF0-AFB3-560E4B65C47C}.Debug|Any CPU.Build.0 = Debug|Any CPU
		{2A51EBCB-7809-4CF0-AFB3-560E4B65C47C}.Release|Any CPU.ActiveCfg = Release|Any CPU
		{2A51EBCB-7809-4CF0-AFB3-560E4B65C47C}.Release|Any CPU.Build.0 = Release|Any CPU
	EndGlobalSection
	GlobalSection(SolutionProperties) = preSolution
		HideSolutionNode = FALSE
	EndGlobalSection
	GlobalSection(ExtensibilityGlobals) = postSolution
		SolutionGuid = {3FD736EC-299D-4631-956A-06DC6DC66426}
	EndGlobalSection
EndGlobal
