
Microsoft Visual Studio Solution File, Format Version 12.00
# Visual Studio 15
VisualStudioVersion = 15.0.28307.572
MinimumVisualStudioVersion = 10.0.40219.1
Project("{FAE04EC0-301F-11D3-BF4B-00C04F79EFBC}") = "SoftUniTwitter", "SoftUniTwitter\SoftUniTwitter.csproj", "{1ED4602D-DD7A-42B6-98B9-E88E40C52A89}"
EndProject
Global
	GlobalSection(SolutionConfigurationPlatforms) = preSolution
		Debug|Any CPU = Debug|Any CPU
		Release|Any CPU = Release|Any CPU
	EndGlobalSection
	GlobalSection(ProjectConfigurationPlatforms) = postSolution
		{1ED4602D-DD7A-42B6-98B9-E88E40C52A89}.Debug|Any CPU.ActiveCfg = Debug|Any CPU
		{1ED4602D-DD7A-42B6-98B9-E88E40C52A89}.Debug|Any CPU.Build.0 = Debug|Any CPU
		{1ED4602D-DD7A-42B6-98B9-E88E40C52A89}.Release|Any CPU.ActiveCfg = Release|Any CPU
		{1ED4602D-DD7A-42B6-98B9-E88E40C52A89}.Release|Any CPU.Build.0 = Release|Any CPU
	EndGlobalSection
	GlobalSection(SolutionProperties) = preSolution
		HideSolutionNode = FALSE
	EndGlobalSection
	GlobalSection(ExtensibilityGlobals) = postSolution
		SolutionGuid = {F89FCA10-49B5-4D73-A322-9670AE8CF336}
	EndGlobalSection
EndGlobal
