
Microsoft Visual Studio Solution File, Format Version 12.00
# Visual Studio 15
VisualStudioVersion = 15.0.28307.329
MinimumVisualStudioVersion = 10.0.40219.1
Project("{9A19103F-16F7-4668-BE54-9A1E7A4F7556}") = "P01-Train", "P01-Train\P01-Train.csproj", "{BC922175-5AA7-4873-A885-78F13CBA6A70}"
EndProject
Project("{9A19103F-16F7-4668-BE54-9A1E7A4F7556}") = "P02-ChangeList", "P02-ChangeList\P02-ChangeList.csproj", "{56F0FEED-056B-4FDF-9456-10C9F80B15F3}"
EndProject
Project("{9A19103F-16F7-4668-BE54-9A1E7A4F7556}") = "P03-HouseParty", "P03-HouseParty\P03-HouseParty.csproj", "{8B01D8B3-C929-4E6E-901E-89620EFE6B7D}"
EndProject
Project("{9A19103F-16F7-4668-BE54-9A1E7A4F7556}") = "P04-ListOperations", "P04-ListOperations\P04-ListOperations.csproj", "{EBCB0227-3DFE-4E7E-846D-5FE7380234E6}"
EndProject
Project("{9A19103F-16F7-4668-BE54-9A1E7A4F7556}") = "P05-BombNumbers", "P05-BombNumbers\P05-BombNumbers.csproj", "{8C488DFA-0486-4DFF-A9A2-98357BC2CE69}"
EndProject
Project("{9A19103F-16F7-4668-BE54-9A1E7A4F7556}") = "P06-CardsGame", "P06-CardsGame\P06-CardsGame.csproj", "{BEC8E548-000E-4284-91E0-BD29C3F2DD43}"
EndProject
Project("{9A19103F-16F7-4668-BE54-9A1E7A4F7556}") = "P07-AppendArrays", "P07-AppendArrays\P07-AppendArrays.csproj", "{66B566D5-DB53-4F7D-B025-20FC2C8F595D}"
EndProject
Project("{9A19103F-16F7-4668-BE54-9A1E7A4F7556}") = "P08-AnonymousThreat", "P08-AnonymousThreat\P08-AnonymousThreat.csproj", "{962A1056-89E8-4EBD-A19C-2B894C73BE88}"
EndProject
Project("{9A19103F-16F7-4668-BE54-9A1E7A4F7556}") = "P09-PokemonDontGo", "P09-PokemonDontGo\P09-PokemonDontGo.csproj", "{E2F35D62-5E3E-49B9-AA3D-160E56EF17E7}"
EndProject
Project("{FAE04EC0-301F-11D3-BF4B-00C04F79EFBC}") = "P10-SoftuniCoursePlanning", "P10-SoftuniCoursePlanning\P10-SoftuniCoursePlanning.csproj", "{1CDCD888-7367-43D8-AB1C-9A2021DBD323}"
EndProject
Global
	GlobalSection(SolutionConfigurationPlatforms) = preSolution
		Debug|Any CPU = Debug|Any CPU
		Release|Any CPU = Release|Any CPU
	EndGlobalSection
	GlobalSection(ProjectConfigurationPlatforms) = postSolution
		{BC922175-5AA7-4873-A885-78F13CBA6A70}.Debug|Any CPU.ActiveCfg = Debug|Any CPU
		{BC922175-5AA7-4873-A885-78F13CBA6A70}.Debug|Any CPU.Build.0 = Debug|Any CPU
		{BC922175-5AA7-4873-A885-78F13CBA6A70}.Release|Any CPU.ActiveCfg = Release|Any CPU
		{BC922175-5AA7-4873-A885-78F13CBA6A70}.Release|Any CPU.Build.0 = Release|Any CPU
		{56F0FEED-056B-4FDF-9456-10C9F80B15F3}.Debug|Any CPU.ActiveCfg = Debug|Any CPU
		{56F0FEED-056B-4FDF-9456-10C9F80B15F3}.Debug|Any CPU.Build.0 = Debug|Any CPU
		{56F0FEED-056B-4FDF-9456-10C9F80B15F3}.Release|Any CPU.ActiveCfg = Release|Any CPU
		{56F0FEED-056B-4FDF-9456-10C9F80B15F3}.Release|Any CPU.Build.0 = Release|Any CPU
		{8B01D8B3-C929-4E6E-901E-89620EFE6B7D}.Debug|Any CPU.ActiveCfg = Debug|Any CPU
		{8B01D8B3-C929-4E6E-901E-89620EFE6B7D}.Debug|Any CPU.Build.0 = Debug|Any CPU
		{8B01D8B3-C929-4E6E-901E-89620EFE6B7D}.Release|Any CPU.ActiveCfg = Release|Any CPU
		{8B01D8B3-C929-4E6E-901E-89620EFE6B7D}.Release|Any CPU.Build.0 = Release|Any CPU
		{EBCB0227-3DFE-4E7E-846D-5FE7380234E6}.Debug|Any CPU.ActiveCfg = Debug|Any CPU
		{EBCB0227-3DFE-4E7E-846D-5FE7380234E6}.Debug|Any CPU.Build.0 = Debug|Any CPU
		{EBCB0227-3DFE-4E7E-846D-5FE7380234E6}.Release|Any CPU.ActiveCfg = Release|Any CPU
		{EBCB0227-3DFE-4E7E-846D-5FE7380234E6}.Release|Any CPU.Build.0 = Release|Any CPU
		{8C488DFA-0486-4DFF-A9A2-98357BC2CE69}.Debug|Any CPU.ActiveCfg = Debug|Any CPU
		{8C488DFA-0486-4DFF-A9A2-98357BC2CE69}.Debug|Any CPU.Build.0 = Debug|Any CPU
		{8C488DFA-0486-4DFF-A9A2-98357BC2CE69}.Release|Any CPU.ActiveCfg = Release|Any CPU
		{8C488DFA-0486-4DFF-A9A2-98357BC2CE69}.Release|Any CPU.Build.0 = Release|Any CPU
		{BEC8E548-000E-4284-91E0-BD29C3F2DD43}.Debug|Any CPU.ActiveCfg = Debug|Any CPU
		{BEC8E548-000E-4284-91E0-BD29C3F2DD43}.Debug|Any CPU.Build.0 = Debug|Any CPU
		{BEC8E548-000E-4284-91E0-BD29C3F2DD43}.Release|Any CPU.ActiveCfg = Release|Any CPU
		{BEC8E548-000E-4284-91E0-BD29C3F2DD43}.Release|Any CPU.Build.0 = Release|Any CPU
		{66B566D5-DB53-4F7D-B025-20FC2C8F595D}.Debug|Any CPU.ActiveCfg = Debug|Any CPU
		{66B566D5-DB53-4F7D-B025-20FC2C8F595D}.Debug|Any CPU.Build.0 = Debug|Any CPU
		{66B566D5-DB53-4F7D-B025-20FC2C8F595D}.Release|Any CPU.ActiveCfg = Release|Any CPU
		{66B566D5-DB53-4F7D-B025-20FC2C8F595D}.Release|Any CPU.Build.0 = Release|Any CPU
		{962A1056-89E8-4EBD-A19C-2B894C73BE88}.Debug|Any CPU.ActiveCfg = Debug|Any CPU
		{962A1056-89E8-4EBD-A19C-2B894C73BE88}.Debug|Any CPU.Build.0 = Debug|Any CPU
		{962A1056-89E8-4EBD-A19C-2B894C73BE88}.Release|Any CPU.ActiveCfg = Release|Any CPU
		{962A1056-89E8-4EBD-A19C-2B894C73BE88}.Release|Any CPU.Build.0 = Release|Any CPU
		{E2F35D62-5E3E-49B9-AA3D-160E56EF17E7}.Debug|Any CPU.ActiveCfg = Debug|Any CPU
		{E2F35D62-5E3E-49B9-AA3D-160E56EF17E7}.Debug|Any CPU.Build.0 = Debug|Any CPU
		{E2F35D62-5E3E-49B9-AA3D-160E56EF17E7}.Release|Any CPU.ActiveCfg = Release|Any CPU
		{E2F35D62-5E3E-49B9-AA3D-160E56EF17E7}.Release|Any CPU.Build.0 = Release|Any CPU
		{1CDCD888-7367-43D8-AB1C-9A2021DBD323}.Debug|Any CPU.ActiveCfg = Debug|Any CPU
		{1CDCD888-7367-43D8-AB1C-9A2021DBD323}.Debug|Any CPU.Build.0 = Debug|Any CPU
		{1CDCD888-7367-43D8-AB1C-9A2021DBD323}.Release|Any CPU.ActiveCfg = Release|Any CPU
		{1CDCD888-7367-43D8-AB1C-9A2021DBD323}.Release|Any CPU.Build.0 = Release|Any CPU
	EndGlobalSection
	GlobalSection(SolutionProperties) = preSolution
		HideSolutionNode = FALSE
	EndGlobalSection
	GlobalSection(ExtensibilityGlobals) = postSolution
		SolutionGuid = {9BB31718-B23E-41DD-B8AC-5E96827861E5}
	EndGlobalSection
EndGlobal
