
Microsoft Visual Studio Solution File, Format Version 12.00
# Visual Studio 15
VisualStudioVersion = 15.0.28307.329
MinimumVisualStudioVersion = 10.0.40219.1
Project("{9A19103F-16F7-4668-BE54-9A1E7A4F7556}") = "P01-Train", "P01-Train\P01-Train.csproj", "{830D737C-2B4E-4A06-937E-3CE705CDC73D}"
EndProject
Project("{9A19103F-16F7-4668-BE54-9A1E7A4F7556}") = "P02-CommonElements", "P02-CommonElements\P02-CommonElements.csproj", "{6698DDB8-3690-4AFC-8631-2B64BCCE80DF}"
EndProject
Project("{9A19103F-16F7-4668-BE54-9A1E7A4F7556}") = "P03-Zig-ZagArrays", "P03-Zig-ZagArrays\P03-Zig-ZagArrays.csproj", "{904DF04E-2953-4F7D-8FF0-6B711F0AB175}"
EndProject
Project("{9A19103F-16F7-4668-BE54-9A1E7A4F7556}") = "P04-ArrayRotation", "P04-ArrayRotation\P04-ArrayRotation.csproj", "{FE7A902D-C834-47BD-AF20-972C308603FD}"
EndProject
Project("{9A19103F-16F7-4668-BE54-9A1E7A4F7556}") = "P09-KaminoFactory", "P09-KaminoFactory\P09-KaminoFactory.csproj", "{7263C7A4-721D-436B-BEC6-A7FF5E7465C1}"
EndProject
Project("{9A19103F-16F7-4668-BE54-9A1E7A4F7556}") = "P05-TopIntegers", "P05-TopIntegers\P05-TopIntegers.csproj", "{16C430EF-9E62-4AB5-924F-A8369834A2FF}"
EndProject
Project("{9A19103F-16F7-4668-BE54-9A1E7A4F7556}") = "P06-EqualSums", "P06-EqualSums\P06-EqualSums.csproj", "{0A67512F-CB28-4475-B236-505B296595A5}"
EndProject
Project("{9A19103F-16F7-4668-BE54-9A1E7A4F7556}") = "P07-MaxSequenceOfEqualElements", "P07-MaxSequenceOfEqualElements\P07-MaxSequenceOfEqualElements.csproj", "{D03E8770-339E-49F1-B7AF-F005D03F1FD5}"
EndProject
Project("{9A19103F-16F7-4668-BE54-9A1E7A4F7556}") = "P08-MagicSum", "P08-MagicSum\P08-MagicSum.csproj", "{E623C49F-C384-4D2B-9454-5BE79D140ECB}"
EndProject
Project("{FAE04EC0-301F-11D3-BF4B-00C04F79EFBC}") = "P10-LadyBugs", "P10-LadyBugs\P10-LadyBugs.csproj", "{2F7C0295-F58B-4C28-A037-E6311E06339A}"
EndProject
Global
	GlobalSection(SolutionConfigurationPlatforms) = preSolution
		Debug|Any CPU = Debug|Any CPU
		Release|Any CPU = Release|Any CPU
	EndGlobalSection
	GlobalSection(ProjectConfigurationPlatforms) = postSolution
		{830D737C-2B4E-4A06-937E-3CE705CDC73D}.Debug|Any CPU.ActiveCfg = Debug|Any CPU
		{830D737C-2B4E-4A06-937E-3CE705CDC73D}.Debug|Any CPU.Build.0 = Debug|Any CPU
		{830D737C-2B4E-4A06-937E-3CE705CDC73D}.Release|Any CPU.ActiveCfg = Release|Any CPU
		{830D737C-2B4E-4A06-937E-3CE705CDC73D}.Release|Any CPU.Build.0 = Release|Any CPU
		{6698DDB8-3690-4AFC-8631-2B64BCCE80DF}.Debug|Any CPU.ActiveCfg = Debug|Any CPU
		{6698DDB8-3690-4AFC-8631-2B64BCCE80DF}.Debug|Any CPU.Build.0 = Debug|Any CPU
		{6698DDB8-3690-4AFC-8631-2B64BCCE80DF}.Release|Any CPU.ActiveCfg = Release|Any CPU
		{6698DDB8-3690-4AFC-8631-2B64BCCE80DF}.Release|Any CPU.Build.0 = Release|Any CPU
		{904DF04E-2953-4F7D-8FF0-6B711F0AB175}.Debug|Any CPU.ActiveCfg = Debug|Any CPU
		{904DF04E-2953-4F7D-8FF0-6B711F0AB175}.Debug|Any CPU.Build.0 = Debug|Any CPU
		{904DF04E-2953-4F7D-8FF0-6B711F0AB175}.Release|Any CPU.ActiveCfg = Release|Any CPU
		{904DF04E-2953-4F7D-8FF0-6B711F0AB175}.Release|Any CPU.Build.0 = Release|Any CPU
		{FE7A902D-C834-47BD-AF20-972C308603FD}.Debug|Any CPU.ActiveCfg = Debug|Any CPU
		{FE7A902D-C834-47BD-AF20-972C308603FD}.Debug|Any CPU.Build.0 = Debug|Any CPU
		{FE7A902D-C834-47BD-AF20-972C308603FD}.Release|Any CPU.ActiveCfg = Release|Any CPU
		{FE7A902D-C834-47BD-AF20-972C308603FD}.Release|Any CPU.Build.0 = Release|Any CPU
		{7263C7A4-721D-436B-BEC6-A7FF5E7465C1}.Debug|Any CPU.ActiveCfg = Debug|Any CPU
		{7263C7A4-721D-436B-BEC6-A7FF5E7465C1}.Debug|Any CPU.Build.0 = Debug|Any CPU
		{7263C7A4-721D-436B-BEC6-A7FF5E7465C1}.Release|Any CPU.ActiveCfg = Release|Any CPU
		{7263C7A4-721D-436B-BEC6-A7FF5E7465C1}.Release|Any CPU.Build.0 = Release|Any CPU
		{16C430EF-9E62-4AB5-924F-A8369834A2FF}.Debug|Any CPU.ActiveCfg = Debug|Any CPU
		{16C430EF-9E62-4AB5-924F-A8369834A2FF}.Debug|Any CPU.Build.0 = Debug|Any CPU
		{16C430EF-9E62-4AB5-924F-A8369834A2FF}.Release|Any CPU.ActiveCfg = Release|Any CPU
		{16C430EF-9E62-4AB5-924F-A8369834A2FF}.Release|Any CPU.Build.0 = Release|Any CPU
		{0A67512F-CB28-4475-B236-505B296595A5}.Debug|Any CPU.ActiveCfg = Debug|Any CPU
		{0A67512F-CB28-4475-B236-505B296595A5}.Debug|Any CPU.Build.0 = Debug|Any CPU
		{0A67512F-CB28-4475-B236-505B296595A5}.Release|Any CPU.ActiveCfg = Release|Any CPU
		{0A67512F-CB28-4475-B236-505B296595A5}.Release|Any CPU.Build.0 = Release|Any CPU
		{D03E8770-339E-49F1-B7AF-F005D03F1FD5}.Debug|Any CPU.ActiveCfg = Debug|Any CPU
		{D03E8770-339E-49F1-B7AF-F005D03F1FD5}.Debug|Any CPU.Build.0 = Debug|Any CPU
		{D03E8770-339E-49F1-B7AF-F005D03F1FD5}.Release|Any CPU.ActiveCfg = Release|Any CPU
		{D03E8770-339E-49F1-B7AF-F005D03F1FD5}.Release|Any CPU.Build.0 = Release|Any CPU
		{E623C49F-C384-4D2B-9454-5BE79D140ECB}.Debug|Any CPU.ActiveCfg = Debug|Any CPU
		{E623C49F-C384-4D2B-9454-5BE79D140ECB}.Debug|Any CPU.Build.0 = Debug|Any CPU
		{E623C49F-C384-4D2B-9454-5BE79D140ECB}.Release|Any CPU.ActiveCfg = Release|Any CPU
		{E623C49F-C384-4D2B-9454-5BE79D140ECB}.Release|Any CPU.Build.0 = Release|Any CPU
		{2F7C0295-F58B-4C28-A037-E6311E06339A}.Debug|Any CPU.ActiveCfg = Debug|Any CPU
		{2F7C0295-F58B-4C28-A037-E6311E06339A}.Debug|Any CPU.Build.0 = Debug|Any CPU
		{2F7C0295-F58B-4C28-A037-E6311E06339A}.Release|Any CPU.ActiveCfg = Release|Any CPU
		{2F7C0295-F58B-4C28-A037-E6311E06339A}.Release|Any CPU.Build.0 = Release|Any CPU
	EndGlobalSection
	GlobalSection(SolutionProperties) = preSolution
		HideSolutionNode = FALSE
	EndGlobalSection
	GlobalSection(ExtensibilityGlobals) = postSolution
		SolutionGuid = {23E503FE-3D39-4A16-BEE5-9FA39274E1D8}
	EndGlobalSection
EndGlobal
