
Microsoft Visual Studio Solution File, Format Version 12.00
# Visual Studio 15
VisualStudioVersion = 15.0.28307.329
MinimumVisualStudioVersion = 10.0.40219.1
Project("{9A19103F-16F7-4668-BE54-9A1E7A4F7556}") = "P01-SmallestOfThreeNumbers", "P01-SmallestOfThreeNumbers\P01-SmallestOfThreeNumbers.csproj", "{42402EA4-9CFC-444D-9E61-BEF753815E5E}"
EndProject
Project("{9A19103F-16F7-4668-BE54-9A1E7A4F7556}") = "P02-VowelsCount", "P02-VowelsCount\P02-VowelsCount.csproj", "{4DEAE5DA-BF51-45BF-B294-925BC43C042F}"
EndProject
Project("{9A19103F-16F7-4668-BE54-9A1E7A4F7556}") = "P03-CharactersInRange", "P03-CharactersInRange\P03-CharactersInRange.csproj", "{170BAFA7-BDB5-45EA-AFBB-3EADC7D14EA9}"
EndProject
Project("{9A19103F-16F7-4668-BE54-9A1E7A4F7556}") = "P04-PasswordValidator", "P04-PasswordValidator\P04-PasswordValidator.csproj", "{DA315C7C-EC70-4C2E-B755-0B817E932424}"
EndProject
Project("{9A19103F-16F7-4668-BE54-9A1E7A4F7556}") = "P05-AddAndSubstract", "P05-AddAndSubstract\P05-AddAndSubstract.csproj", "{822F77E5-9747-46F8-AE5C-21EFAC1465C2}"
EndProject
Project("{9A19103F-16F7-4668-BE54-9A1E7A4F7556}") = "P06-MiddleCharacters", "P06-MiddleCharacters\P06-MiddleCharacters.csproj", "{57860F1F-F938-4A03-A73D-10F4E271E6AB}"
EndProject
Project("{9A19103F-16F7-4668-BE54-9A1E7A4F7556}") = "P07-NxNMatrix", "P07-NxNMatrix\P07-NxNMatrix.csproj", "{CCD0C3C5-3DC1-4D01-9A22-09C89E4440C9}"
EndProject
Project("{9A19103F-16F7-4668-BE54-9A1E7A4F7556}") = "P08-FactorialDivision", "P08-FactorialDivision\P08-FactorialDivision.csproj", "{77BDA24D-B8C4-4C48-8C2C-26B5DE34F3EC}"
EndProject
Project("{9A19103F-16F7-4668-BE54-9A1E7A4F7556}") = "P09-PalindromeIntegers", "P09-PalindromeIntegers\P09-PalindromeIntegers.csproj", "{F0274D5D-37BB-4E74-AE06-623062DAF398}"
EndProject
Project("{9A19103F-16F7-4668-BE54-9A1E7A4F7556}") = "P10-TopNumber", "P10-TopNumber\P10-TopNumber.csproj", "{11313510-9909-482A-992D-EC1B3126829B}"
EndProject
Project("{FAE04EC0-301F-11D3-BF4B-00C04F79EFBC}") = "P11-ArrayManipulator", "P11-ArrayManipulator\P11-ArrayManipulator.csproj", "{D231B3E7-6404-42F8-9C6A-78BC3BBCACED}"
EndProject
Global
	GlobalSection(SolutionConfigurationPlatforms) = preSolution
		Debug|Any CPU = Debug|Any CPU
		Release|Any CPU = Release|Any CPU
	EndGlobalSection
	GlobalSection(ProjectConfigurationPlatforms) = postSolution
		{42402EA4-9CFC-444D-9E61-BEF753815E5E}.Debug|Any CPU.ActiveCfg = Debug|Any CPU
		{42402EA4-9CFC-444D-9E61-BEF753815E5E}.Debug|Any CPU.Build.0 = Debug|Any CPU
		{42402EA4-9CFC-444D-9E61-BEF753815E5E}.Release|Any CPU.ActiveCfg = Release|Any CPU
		{42402EA4-9CFC-444D-9E61-BEF753815E5E}.Release|Any CPU.Build.0 = Release|Any CPU
		{4DEAE5DA-BF51-45BF-B294-925BC43C042F}.Debug|Any CPU.ActiveCfg = Debug|Any CPU
		{4DEAE5DA-BF51-45BF-B294-925BC43C042F}.Debug|Any CPU.Build.0 = Debug|Any CPU
		{4DEAE5DA-BF51-45BF-B294-925BC43C042F}.Release|Any CPU.ActiveCfg = Release|Any CPU
		{4DEAE5DA-BF51-45BF-B294-925BC43C042F}.Release|Any CPU.Build.0 = Release|Any CPU
		{170BAFA7-BDB5-45EA-AFBB-3EADC7D14EA9}.Debug|Any CPU.ActiveCfg = Debug|Any CPU
		{170BAFA7-BDB5-45EA-AFBB-3EADC7D14EA9}.Debug|Any CPU.Build.0 = Debug|Any CPU
		{170BAFA7-BDB5-45EA-AFBB-3EADC7D14EA9}.Release|Any CPU.ActiveCfg = Release|Any CPU
		{170BAFA7-BDB5-45EA-AFBB-3EADC7D14EA9}.Release|Any CPU.Build.0 = Release|Any CPU
		{DA315C7C-EC70-4C2E-B755-0B817E932424}.Debug|Any CPU.ActiveCfg = Debug|Any CPU
		{DA315C7C-EC70-4C2E-B755-0B817E932424}.Debug|Any CPU.Build.0 = Debug|Any CPU
		{DA315C7C-EC70-4C2E-B755-0B817E932424}.Release|Any CPU.ActiveCfg = Release|Any CPU
		{DA315C7C-EC70-4C2E-B755-0B817E932424}.Release|Any CPU.Build.0 = Release|Any CPU
		{822F77E5-9747-46F8-AE5C-21EFAC1465C2}.Debug|Any CPU.ActiveCfg = Debug|Any CPU
		{822F77E5-9747-46F8-AE5C-21EFAC1465C2}.Debug|Any CPU.Build.0 = Debug|Any CPU
		{822F77E5-9747-46F8-AE5C-21EFAC1465C2}.Release|Any CPU.ActiveCfg = Release|Any CPU
		{822F77E5-9747-46F8-AE5C-21EFAC1465C2}.Release|Any CPU.Build.0 = Release|Any CPU
		{57860F1F-F938-4A03-A73D-10F4E271E6AB}.Debug|Any CPU.ActiveCfg = Debug|Any CPU
		{57860F1F-F938-4A03-A73D-10F4E271E6AB}.Debug|Any CPU.Build.0 = Debug|Any CPU
		{57860F1F-F938-4A03-A73D-10F4E271E6AB}.Release|Any CPU.ActiveCfg = Release|Any CPU
		{57860F1F-F938-4A03-A73D-10F4E271E6AB}.Release|Any CPU.Build.0 = Release|Any CPU
		{CCD0C3C5-3DC1-4D01-9A22-09C89E4440C9}.Debug|Any CPU.ActiveCfg = Debug|Any CPU
		{CCD0C3C5-3DC1-4D01-9A22-09C89E4440C9}.Debug|Any CPU.Build.0 = Debug|Any CPU
		{CCD0C3C5-3DC1-4D01-9A22-09C89E4440C9}.Release|Any CPU.ActiveCfg = Release|Any CPU
		{CCD0C3C5-3DC1-4D01-9A22-09C89E4440C9}.Release|Any CPU.Build.0 = Release|Any CPU
		{77BDA24D-B8C4-4C48-8C2C-26B5DE34F3EC}.Debug|Any CPU.ActiveCfg = Debug|Any CPU
		{77BDA24D-B8C4-4C48-8C2C-26B5DE34F3EC}.Debug|Any CPU.Build.0 = Debug|Any CPU
		{77BDA24D-B8C4-4C48-8C2C-26B5DE34F3EC}.Release|Any CPU.ActiveCfg = Release|Any CPU
		{77BDA24D-B8C4-4C48-8C2C-26B5DE34F3EC}.Release|Any CPU.Build.0 = Release|Any CPU
		{F0274D5D-37BB-4E74-AE06-623062DAF398}.Debug|Any CPU.ActiveCfg = Debug|Any CPU
		{F0274D5D-37BB-4E74-AE06-623062DAF398}.Debug|Any CPU.Build.0 = Debug|Any CPU
		{F0274D5D-37BB-4E74-AE06-623062DAF398}.Release|Any CPU.ActiveCfg = Release|Any CPU
		{F0274D5D-37BB-4E74-AE06-623062DAF398}.Release|Any CPU.Build.0 = Release|Any CPU
		{11313510-9909-482A-992D-EC1B3126829B}.Debug|Any CPU.ActiveCfg = Debug|Any CPU
		{11313510-9909-482A-992D-EC1B3126829B}.Debug|Any CPU.Build.0 = Debug|Any CPU
		{11313510-9909-482A-992D-EC1B3126829B}.Release|Any CPU.ActiveCfg = Release|Any CPU
		{11313510-9909-482A-992D-EC1B3126829B}.Release|Any CPU.Build.0 = Release|Any CPU
		{D231B3E7-6404-42F8-9C6A-78BC3BBCACED}.Debug|Any CPU.ActiveCfg = Debug|Any CPU
		{D231B3E7-6404-42F8-9C6A-78BC3BBCACED}.Debug|Any CPU.Build.0 = Debug|Any CPU
		{D231B3E7-6404-42F8-9C6A-78BC3BBCACED}.Release|Any CPU.ActiveCfg = Release|Any CPU
		{D231B3E7-6404-42F8-9C6A-78BC3BBCACED}.Release|Any CPU.Build.0 = Release|Any CPU
	EndGlobalSection
	GlobalSection(SolutionProperties) = preSolution
		HideSolutionNode = FALSE
	EndGlobalSection
	GlobalSection(ExtensibilityGlobals) = postSolution
		SolutionGuid = {53A4C9FB-B1EE-4AB4-B0CC-4546ED19E027}
	EndGlobalSection
EndGlobal
