
Microsoft Visual Studio Solution File, Format Version 12.00
# Visual Studio 15
VisualStudioVersion = 15.0.28307.329
MinimumVisualStudioVersion = 10.0.40219.1
Project("{9A19103F-16F7-4668-BE54-9A1E7A4F7556}") = "P01-Concert", "P01-Concert\P01-Concert.csproj", "{EF4A1437-D224-4133-8959-AA149FEFFA0E}"
EndProject
Project("{FAE04EC0-301F-11D3-BF4B-00C04F79EFBC}") = "P02-SongEncryption", "P02-SongEncryption\P02-SongEncryption.csproj", "{ECEDE316-FF9F-469E-BD6B-2F62F0B75D73}"
EndProject
Global
	GlobalSection(SolutionConfigurationPlatforms) = preSolution
		Debug|Any CPU = Debug|Any CPU
		Release|Any CPU = Release|Any CPU
	EndGlobalSection
	GlobalSection(ProjectConfigurationPlatforms) = postSolution
		{EF4A1437-D224-4133-8959-AA149FEFFA0E}.Debug|Any CPU.ActiveCfg = Debug|Any CPU
		{EF4A1437-D224-4133-8959-AA149FEFFA0E}.Debug|Any CPU.Build.0 = Debug|Any CPU
		{EF4A1437-D224-4133-8959-AA149FEFFA0E}.Release|Any CPU.ActiveCfg = Release|Any CPU
		{EF4A1437-D224-4133-8959-AA149FEFFA0E}.Release|Any CPU.Build.0 = Release|Any CPU
		{ECEDE316-FF9F-469E-BD6B-2F62F0B75D73}.Debug|Any CPU.ActiveCfg = Debug|Any CPU
		{ECEDE316-FF9F-469E-BD6B-2F62F0B75D73}.Debug|Any CPU.Build.0 = Debug|Any CPU
		{ECEDE316-FF9F-469E-BD6B-2F62F0B75D73}.Release|Any CPU.ActiveCfg = Release|Any CPU
		{ECEDE316-FF9F-469E-BD6B-2F62F0B75D73}.Release|Any CPU.Build.0 = Release|Any CPU
	EndGlobalSection
	GlobalSection(SolutionProperties) = preSolution
		HideSolutionNode = FALSE
	EndGlobalSection
	GlobalSection(ExtensibilityGlobals) = postSolution
		SolutionGuid = {6E63BCDB-8C18-4B16-AE47-83E9510216D3}
	EndGlobalSection
EndGlobal
